
Microsoft Visual Studio Solution File, Format Version 12.00
# Visual Studio Version 16
VisualStudioVersion = 16.0.29503.13
MinimumVisualStudioVersion = 10.0.40219.1
Project("{FAE04EC0-301F-11D3-BF4B-00C04F79EFBC}") = "Finding", "Finding.csproj", "{0147CF35-133A-4BDA-9F9F-68A23B983E01}"
EndProject
Project("{FAE04EC0-301F-11D3-BF4B-00C04F79EFBC}") = "test", "..\test\test.csproj", "{6D161DA8-55CD-428E-9A94-191804255CC2}"
EndProject
Project("{9A19103F-16F7-4668-BE54-9A1E7A4F7556}") = "libfindexor", "..\findexor\libfindexor\libfindexor.csproj", "{7F22E00D-06DE-428F-BE32-C5622F5FAC84}"
EndProject
Global
	GlobalSection(SolutionConfigurationPlatforms) = preSolution
		Debug|Any CPU = Debug|Any CPU
		Release|Any CPU = Release|Any CPU
	EndGlobalSection
	GlobalSection(ProjectConfigurationPlatforms) = postSolution
		{0147CF35-133A-4BDA-9F9F-68A23B983E01}.Debug|Any CPU.ActiveCfg = Debug|Any CPU
		{0147CF35-133A-4BDA-9F9F-68A23B983E01}.Debug|Any CPU.Build.0 = Debug|Any CPU
		{0147CF35-133A-4BDA-9F9F-68A23B983E01}.Release|Any CPU.ActiveCfg = Release|Any CPU
		{0147CF35-133A-4BDA-9F9F-68A23B983E01}.Release|Any CPU.Build.0 = Release|Any CPU
		{6D161DA8-55CD-428E-9A94-191804255CC2}.Debug|Any CPU.ActiveCfg = Debug|Any CPU
		{6D161DA8-55CD-428E-9A94-191804255CC2}.Debug|Any CPU.Build.0 = Debug|Any CPU
		{6D161DA8-55CD-428E-9A94-191804255CC2}.Release|Any CPU.ActiveCfg = Release|Any CPU
		{6D161DA8-55CD-428E-9A94-191804255CC2}.Release|Any CPU.Build.0 = Release|Any CPU
		{7F22E00D-06DE-428F-BE32-C5622F5FAC84}.Debug|Any CPU.ActiveCfg = Debug|Any CPU
		{7F22E00D-06DE-428F-BE32-C5622F5FAC84}.Debug|Any CPU.Build.0 = Debug|Any CPU
		{7F22E00D-06DE-428F-BE32-C5622F5FAC84}.Release|Any CPU.ActiveCfg = Release|Any CPU
		{7F22E00D-06DE-428F-BE32-C5622F5FAC84}.Release|Any CPU.Build.0 = Release|Any CPU
	EndGlobalSection
	GlobalSection(SolutionProperties) = preSolution
		HideSolutionNode = FALSE
	EndGlobalSection
	GlobalSection(ExtensibilityGlobals) = postSolution
		SolutionGuid = {18F74F92-0415-4C5C-8AA0-2746406CAFFB}
	EndGlobalSection
EndGlobal
